// !$*UTF8*$!
{
	archiveVersion = 1;
	classes = {
	};
	objectVersion = 77;
	objects = {

/* Begin PBXBuildFile section */
		9BAA00010000000000000010 /* CloudnsWidgets.appex in Embed App Extensions */ = {isa = PBXBuildFile; fileRef = 9BAA00010000000000000009 /* CloudnsWidgets.appex */; settings = {ATTRIBUTES = (RemoveHeadersOnCopy, ); }; };
/* End PBXBuildFile section */

/* Begin PBXContainerItemProxy section */
		9BAA00010000000000000011 /* PBXContainerItemProxy */ = {
			isa = PBXContainerItemProxy;
			containerPortal = 9B4D3029302B13CD00DDAA76 /* Project object */;
			proxyType = 1;
			remoteGlobalIDString = 9BAA00010000000000000001;
			remoteInfo = CloudnsWidgets;
		};
		9B4D3044302B13D000DDAA76 /* PBXContainerItemProxy */ = {
			isa = PBXContainerItemProxy;
			containerPortal = 9B4D3029302B13CD00DDAA76 /* Project object */;
			proxyType = 1;
			remoteGlobalIDString = 9B4D3030302B13CD00DDAA76;
			remoteInfo = Cloudns;
		};
		9B4D304E302B13D000DDAA76 /* PBXContainerItemProxy */ = {
			isa = PBXContainerItemProxy;
			containerPortal = 9B4D3029302B13CD00DDAA76 /* Project object */;
			proxyType = 1;
			remoteGlobalIDString = 9B4D3030302B13CD00DDAA76;
			remoteInfo = Cloudns;
		};
/* End PBXContainerItemProxy section */

/* Begin PBXCopyFilesBuildPhase section */
		9BAA00010000000000000013 /* Embed App Extensions */ = {
			isa = PBXCopyFilesBuildPhase;
			buildActionMask = 2147483647;
			dstPath = "";
			dstSubfolderSpec = 13;
			files = (
				9BAA00010000000000000010 /* CloudnsWidgets.appex in Embed App Extensions */,
			);
			name = "Embed App Extensions";
			runOnlyForDeploymentPostprocessing = 0;
		};
/* End PBXCopyFilesBuildPhase section */

/* Begin PBXFileReference section */
		9BAA00010000000000000009 /* CloudnsWidgets.appex */ = {isa = PBXFileReference; explicitFileType = wrapper.app-extension; includeInIndex = 0; path = CloudnsWidgets.appex; sourceTree = BUILT_PRODUCTS_DIR; };
		9B4D3031302B13CD00DDAA76 /* Cloudns.app */ = {isa = PBXFileReference; explicitFileType = wrapper.application; includeInIndex = 0; path = Cloudns.app; sourceTree = BUILT_PRODUCTS_DIR; };
		9B4D3043302B13D000DDAA76 /* CloudnsTests.xctest */ = {isa = PBXFileReference; explicitFileType = wrapper.cfbundle; includeInIndex = 0; path = CloudnsTests.xctest; sourceTree = BUILT_PRODUCTS_DIR; };
		9B4D304D302B13D000DDAA76 /* CloudnsUITests.xctest */ = {isa = PBXFileReference; explicitFileType = wrapper.cfbundle; includeInIndex = 0; path = CloudnsUITests.xctest; sourceTree = BUILT_PRODUCTS_DIR; };
/* End PBXFileReference section */

/* Begin PBXFileSystemSynchronizedBuildFileExceptionSet section */
		9BAA00010000000000000020 /* PBXFileSystemSynchronizedBuildFileExceptionSet */ = {
			isa = PBXFileSystemSynchronizedBuildFileExceptionSet;
			membershipExceptions = (
				Info.plist,
			);
			target = 9BAA00010000000000000001 /* CloudnsWidgets */;
		};
		9BAA00010000000000000021 /* PBXFileSystemSynchronizedBuildFileExceptionSet */ = {
			isa = PBXFileSystemSynchronizedBuildFileExceptionSet;
			membershipExceptions = (
				Info.plist,
			);
			target = 9B4D3030302B13CD00DDAA76 /* Cloudns */;
		};
/* End PBXFileSystemSynchronizedBuildFileExceptionSet section */

/* Begin PBXFileSystemSynchronizedRootGroup section */
		9BAA00010000000000000008 /* CloudnsWidgets */ = {
			isa = PBXFileSystemSynchronizedRootGroup;
			exceptions = (
				9BAA00010000000000000020 /* PBXFileSystemSynchronizedBuildFileExceptionSet */,
			);
			path = CloudnsWidgets;
			sourceTree = "<group>";
		};
		9B4D3033302B13CD00DDAA76 /* Cloudns */ = {
			isa = PBXFileSystemSynchronizedRootGroup;
			exceptions = (
				9BAA00010000000000000021 /* PBXFileSystemSynchronizedBuildFileExceptionSet */,
			);
			path = Cloudns;
			sourceTree = "<group>";
		};
		9B4D3046302B13D000DDAA76 /* CloudnsTests */ = {
			isa = PBXFileSystemSynchronizedRootGroup;
			path = CloudnsTests;
			sourceTree = "<group>";
		};
		9B4D3050302B13D000DDAA76 /* CloudnsUITests */ = {
			isa = PBXFileSystemSynchronizedRootGroup;
			path = CloudnsUITests;
			sourceTree = "<group>";
		};
/* End PBXFileSystemSynchronizedRootGroup section */

/* Begin PBXFrameworksBuildPhase section */
		9BAA00010000000000000003 /* Frameworks */ = {
			isa = PBXFrameworksBuildPhase;
			buildActionMask = 2147483647;
			files = (
			);
			runOnlyForDeploymentPostprocessing = 0;
		};
		9B4D302E302B13CD00DDAA76 /* Frameworks */ = {
			isa = PBXFrameworksBuildPhase;
			buildActionMask = 2147483647;
			files = (
			);
			runOnlyForDeploymentPostprocessing = 0;
		};
		9B4D3040302B13D000DDAA76 /* Frameworks */ = {
			isa = PBXFrameworksBuildPhase;
			buildActionMask = 2147483647;
			files = (
			);
			runOnlyForDeploymentPostprocessing = 0;
		};
		9B4D304A302B13D000DDAA76 /* Frameworks */ = {
			isa = PBXFrameworksBuildPhase;
			buildActionMask = 2147483647;
			files = (
			);
			runOnlyForDeploymentPostprocessing = 0;
		};
/* End PBXFrameworksBuildPhase section */

/* Begin PBXGroup section */
		9B4D3028302B13CD00DDAA76 = {
			isa = PBXGroup;
			children = (
				9B4D3033302B13CD00DDAA76 /* Cloudns */,
				9BAA00010000000000000008 /* CloudnsWidgets */,
				9B4D3046302B13D000DDAA76 /* CloudnsTests */,
				9B4D3050302B13D000DDAA76 /* CloudnsUITests */,
				9B4D3032302B13CD00DDAA76 /* Products */,
			);
			sourceTree = "<group>";
		};
		9B4D3032302B13CD00DDAA76 /* Products */ = {
			isa = PBXGroup;
			children = (
				9B4D3031302B13CD00DDAA76 /* Cloudns.app */,
				9BAA00010000000000000009 /* CloudnsWidgets.appex */,
				9B4D3043302B13D000DDAA76 /* CloudnsTests.xctest */,
				9B4D304D302B13D000DDAA76 /* CloudnsUITests.xctest */,
			);
			name = Products;
			sourceTree = "<group>";
		};
/* End PBXGroup section */

/* Begin PBXNativeTarget section */
		9BAA00010000000000000001 /* CloudnsWidgets */ = {
			isa = PBXNativeTarget;
			buildConfigurationList = 9BAA00010000000000000005 /* Build configuration list for PBXNativeTarget "CloudnsWidgets" */;
			buildPhases = (
				9BAA00010000000000000002 /* Sources */,
				9BAA00010000000000000003 /* Frameworks */,
				9BAA00010000000000000004 /* Resources */,
			);
			buildRules = (
			);
			dependencies = (
			);
			fileSystemSynchronizedGroups = (
				9BAA00010000000000000008 /* CloudnsWidgets */,
			);
			name = CloudnsWidgets;
			packageProductDependencies = (
			);
			productName = CloudnsWidgets;
			productReference = 9BAA00010000000000000009 /* CloudnsWidgets.appex */;
			productType = "com.apple.product-type.app-extension";
		};
		9B4D3030302B13CD00DDAA76 /* Cloudns */ = {
			isa = PBXNativeTarget;
			buildConfigurationList = 9B4D3057302B13D000DDAA76 /* Build configuration list for PBXNativeTarget "Cloudns" */;
			buildPhases = (
				9B4D302D302B13CD00DDAA76 /* Sources */,
				9B4D302E302B13CD00DDAA76 /* Frameworks */,
				9B4D302F302B13CD00DDAA76 /* Resources */,
				9B08A3A53032F69A00932C09 /* swiftlint */,
				9BAA00010000000000000013 /* Embed App Extensions */,
			);
			buildRules = (
			);
			dependencies = (
				9BAA00010000000000000012 /* PBXTargetDependency */,
			);
			fileSystemSynchronizedGroups = (
				9B4D3033302B13CD00DDAA76 /* Cloudns */,
			);
			name = Cloudns;
			packageProductDependencies = (
			);
			productName = Cloudns;
			productReference = 9B4D3031302B13CD00DDAA76 /* Cloudns.app */;
			productType = "com.apple.product-type.application";
		};
		9B4D3042302B13D000DDAA76 /* CloudnsTests */ = {
			isa = PBXNativeTarget;
			buildConfigurationList = 9B4D305A302B13D000DDAA76 /* Build configuration list for PBXNativeTarget "CloudnsTests" */;
			buildPhases = (
				9B4D303F302B13D000DDAA76 /* Sources */,
				9B4D3040302B13D000DDAA76 /* Frameworks */,
				9B4D3041302B13D000DDAA76 /* Resources */,
			);
			buildRules = (
			);
			dependencies = (
				9B4D3045302B13D000DDAA76 /* PBXTargetDependency */,
			);
			fileSystemSynchronizedGroups = (
				9B4D3046302B13D000DDAA76 /* CloudnsTests */,
			);
			name = CloudnsTests;
			packageProductDependencies = (
			);
			productName = CloudnsTests;
			productReference = 9B4D3043302B13D000DDAA76 /* CloudnsTests.xctest */;
			productType = "com.apple.product-type.bundle.unit-test";
		};
		9B4D304C302B13D000DDAA76 /* CloudnsUITests */ = {
			isa = PBXNativeTarget;
			buildConfigurationList = 9B4D305D302B13D000DDAA76 /* Build configuration list for PBXNativeTarget "CloudnsUITests" */;
			buildPhases = (
				9B4D3049302B13D000DDAA76 /* Sources */,
				9B4D304A302B13D000DDAA76 /* Frameworks */,
				9B4D304B302B13D000DDAA76 /* Resources */,
			);
			buildRules = (
			);
			dependencies = (
				9B4D304F302B13D000DDAA76 /* PBXTargetDependency */,
			);
			fileSystemSynchronizedGroups = (
				9B4D3050302B13D000DDAA76 /* CloudnsUITests */,
			);
			name = CloudnsUITests;
			packageProductDependencies = (
			);
			productName = CloudnsUITests;
			productReference = 9B4D304D302B13D000DDAA76 /* CloudnsUITests.xctest */;
			productType = "com.apple.product-type.bundle.ui-testing";
		};
/* End PBXNativeTarget section */

/* Begin PBXProject section */
		9B4D3029302B13CD00DDAA76 /* Project object */ = {
			isa = PBXProject;
			attributes = {
				BuildIndependentTargetsInParallel = 1;
				LastSwiftUpdateCheck = 2630;
				LastUpgradeCheck = 2630;
				TargetAttributes = {
										9BAA00010000000000000001 = {
						CreatedOnToolsVersion = 26.3;
					};
					9B4D3030302B13CD00DDAA76 = {
						CreatedOnToolsVersion = 26.3;
					};
					9B4D3042302B13D000DDAA76 = {
						CreatedOnToolsVersion = 26.3;
						TestTargetID = 9B4D3030302B13CD00DDAA76;
					};
					9B4D304C302B13D000DDAA76 = {
						CreatedOnToolsVersion = 26.3;
						TestTargetID = 9B4D3030302B13CD00DDAA76;
					};
				};
			};
			buildConfigurationList = 9B4D302C302B13CD00DDAA76 /* Build configuration list for PBXProject "Cloudns" */;
			developmentRegion = en;
			hasScannedForEncodings = 0;
			knownRegions = (
				en,
				Base,
				"zh-Hans",
			);
			mainGroup = 9B4D3028302B13CD00DDAA76;
			minimizedProjectReferenceProxies = 1;
			preferredProjectObjectVersion = 77;
			productRefGroup = 9B4D3032302B13CD00DDAA76 /* Products */;
			projectDirPath = "";
			projectRoot = "";
			targets = (
				9B4D3030302B13CD00DDAA76 /* Cloudns */,
				9BAA00010000000000000001 /* CloudnsWidgets */,
				9B4D3042302B13D000DDAA76 /* CloudnsTests */,
				9B4D304C302B13D000DDAA76 /* CloudnsUITests */,
			);
		};
/* End PBXProject section */

/* Begin PBXResourcesBuildPhase section */
		9BAA00010000000000000004 /* Resources */ = {
			isa = PBXResourcesBuildPhase;
			buildActionMask = 2147483647;
			files = (
			);
			runOnlyForDeploymentPostprocessing = 0;
		};
		9B4D302F302B13CD00DDAA76 /* Resources */ = {
			isa = PBXResourcesBuildPhase;
			buildActionMask = 2147483647;
			files = (
			);
			runOnlyForDeploymentPostprocessing = 0;
		};
		9B4D3041302B13D000DDAA76 /* Resources */ = {
			isa = PBXResourcesBuildPhase;
			buildActionMask = 2147483647;
			files = (
			);
			runOnlyForDeploymentPostprocessing = 0;
		};
		9B4D304B302B13D000DDAA76 /* Resources */ = {
			isa = PBXResourcesBuildPhase;
			buildActionMask = 2147483647;
			files = (
			);
			runOnlyForDeploymentPostprocessing = 0;
		};
/* End PBXResourcesBuildPhase section */

/* Begin PBXShellScriptBuildPhase section */
		9B08A3A53032F69A00932C09 /* swiftlint */ = {
			isa = PBXShellScriptBuildPhase;
			alwaysOutOfDate = 1;
			buildActionMask = 2147483647;
			files = (
			);
			inputFileListPaths = (
			);
			inputPaths = (
			);
			name = swiftlint;
			outputFileListPaths = (
			);
			outputPaths = (
			);
			runOnlyForDeploymentPostprocessing = 0;
			shellPath = /bin/sh;
			shellScript = "export PATH=\"$PATH:/opt/homebrew/bin:/usr/local/bin\"\n\nif which swiftlint > /dev/null; then\n  swiftlint\nelse\n  echo \"warning: SwiftLint not installed, download from https://github.com/realm/SwiftLint\"\nfi\n";
		};
/* End PBXShellScriptBuildPhase section */

/* Begin PBXSourcesBuildPhase section */
		9BAA00010000000000000002 /* Sources */ = {
			isa = PBXSourcesBuildPhase;
			buildActionMask = 2147483647;
			files = (
			);
			runOnlyForDeploymentPostprocessing = 0;
		};
		9B4D302D302B13CD00DDAA76 /* Sources */ = {
			isa = PBXSourcesBuildPhase;
			buildActionMask = 2147483647;
			files = (
			);
			runOnlyForDeploymentPostprocessing = 0;
		};
		9B4D303F302B13D000DDAA76 /* Sources */ = {
			isa = PBXSourcesBuildPhase;
			buildActionMask = 2147483647;
			files = (
			);
			runOnlyForDeploymentPostprocessing = 0;
		};
		9B4D3049302B13D000DDAA76 /* Sources */ = {
			isa = PBXSourcesBuildPhase;
			buildActionMask = 2147483647;
			files = (
			);
			runOnlyForDeploymentPostprocessing = 0;
		};
/* End PBXSourcesBuildPhase section */

/* Begin PBXTargetDependency section */
		9BAA00010000000000000012 /* PBXTargetDependency */ = {
			isa = PBXTargetDependency;
			target = 9BAA00010000000000000001 /* CloudnsWidgets */;
			targetProxy = 9BAA00010000000000000011 /* PBXContainerItemProxy */;
		};
		9B4D3045302B13D000DDAA76 /* PBXTargetDependency */ = {
			isa = PBXTargetDependency;
			target = 9B4D3030302B13CD00DDAA76 /* Cloudns */;
			targetProxy = 9B4D3044302B13D000DDAA76 /* PBXContainerItemProxy */;
		};
		9B4D304F302B13D000DDAA76 /* PBXTargetDependency */ = {
			isa = PBXTargetDependency;
			target = 9B4D3030302B13CD00DDAA76 /* Cloudns */;
			targetProxy = 9B4D304E302B13D000DDAA76 /* PBXContainerItemProxy */;
		};
/* End PBXTargetDependency section */

/* Begin XCBuildConfiguration section */
		9BAA00010000000000000006 /* Debug */ = {
			isa = XCBuildConfiguration;
			buildSettings = {
				ASSETCATALOG_COMPILER_GLOBAL_ACCENT_COLOR_NAME = AccentColor;
				ASSETCATALOG_COMPILER_WIDGET_BACKGROUND_COLOR_NAME = WidgetBackground;
				CODE_SIGN_ENTITLEMENTS = CloudnsWidgets/CloudnsWidgets.entitlements;
				CODE_SIGN_STYLE = Automatic;
				CURRENT_PROJECT_VERSION = 1;
				DEVELOPMENT_TEAM = 38FTS86UNN;
				GENERATE_INFOPLIST_FILE = YES;
				INFOPLIST_FILE = CloudnsWidgets/Info.plist;
				INFOPLIST_KEY_CFBundleDisplayName = "Cloudns";
				IPHONEOS_DEPLOYMENT_TARGET = 16.0;
				LD_RUNPATH_SEARCH_PATHS = (
					"$(inherited)",
					"@executable_path/Frameworks",
					"@executable_path/../../Frameworks",
				);
				MARKETING_VERSION = 1.0;
				PRODUCT_BUNDLE_IDENTIFIER = "com.lbyan.Cloudns.CloudnsWidgets";
				PRODUCT_NAME = "$(TARGET_NAME)";
				SKIP_INSTALL = YES;
				SWIFT_APPROACHABLE_CONCURRENCY = YES;
				SWIFT_EMIT_LOC_STRINGS = YES;
				SWIFT_STRICT_CONCURRENCY = complete;
				SWIFT_UPCOMING_FEATURE_MEMBER_IMPORT_VISIBILITY = YES;
				SWIFT_VERSION = 5.0;
				TARGETED_DEVICE_FAMILY = "1,2";
			};
			name = Debug;
		};
		9BAA00010000000000000007 /* Release */ = {
			isa = XCBuildConfiguration;
			buildSettings = {
				ASSETCATALOG_COMPILER_GLOBAL_ACCENT_COLOR_NAME = AccentColor;
				ASSETCATALOG_COMPILER_WIDGET_BACKGROUND_COLOR_NAME = WidgetBackground;
				CLANG_ENABLE_MODULES = YES;
				CODE_SIGN_ENTITLEMENTS = CloudnsWidgets/CloudnsWidgets.entitlements;
				CODE_SIGN_STYLE = Automatic;
				CURRENT_PROJECT_VERSION = 1;
				DEVELOPMENT_TEAM = 38FTS86UNN;
				GENERATE_INFOPLIST_FILE = YES;
				INFOPLIST_FILE = CloudnsWidgets/Info.plist;
				INFOPLIST_KEY_CFBundleDisplayName = "Cloudns";
				IPHONEOS_DEPLOYMENT_TARGET = 16.0;
				LD_RUNPATH_SEARCH_PATHS = (
					"$(inherited)",
					"@executable_path/Frameworks",
					"@executable_path/../../Frameworks",
				);
				MARKETING_VERSION = 1.0;
				PRODUCT_BUNDLE_IDENTIFIER = "com.lbyan.Cloudns.CloudnsWidgets";
				PRODUCT_NAME = "$(TARGET_NAME)";
				SKIP_INSTALL = YES;
				SWIFT_APPROACHABLE_CONCURRENCY = YES;
				SWIFT_EMIT_LOC_STRINGS = YES;
				SWIFT_STRICT_CONCURRENCY = complete;
				SWIFT_UPCOMING_FEATURE_MEMBER_IMPORT_VISIBILITY = YES;
				SWIFT_VERSION = 5.0;
				TARGETED_DEVICE_FAMILY = "1,2";
			};
			name = Release;
		};
		9B4D3055302B13D000DDAA76 /* Debug */ = {
			isa = XCBuildConfiguration;
			buildSettings = {
				ALWAYS_SEARCH_USER_PATHS = NO;
				ASSETCATALOG_COMPILER_GENERATE_SWIFT_ASSET_SYMBOL_EXTENSIONS = YES;
				CLANG_ANALYZER_NONNULL = YES;
				CLANG_ANALYZER_NUMBER_OBJECT_CONVERSION = YES_AGGRESSIVE;
				CLANG_CXX_LANGUAGE_STANDARD = "gnu++20";
				CLANG_ENABLE_MODULES = YES;
				CLANG_ENABLE_OBJC_ARC = YES;
				CLANG_ENABLE_OBJC_WEAK = YES;
				CLANG_WARN_BLOCK_CAPTURE_AUTORELEASING = YES;
				CLANG_WARN_BOOL_CONVERSION = YES;
				CLANG_WARN_COMMA = YES;
				CLANG_WARN_CONSTANT_CONVERSION = YES;
				CLANG_WARN_DEPRECATED_OBJC_IMPLEMENTATIONS = YES;
				CLANG_WARN_DIRECT_OBJC_ISA_USAGE = YES_ERROR;
				CLANG_WARN_DOCUMENTATION_COMMENTS = YES;
				CLANG_WARN_EMPTY_BODY = YES;
				CLANG_WARN_ENUM_CONVERSION = YES;
				CLANG_WARN_INFINITE_RECURSION = YES;
				CLANG_WARN_INT_CONVERSION = YES;
				CLANG_WARN_NON_LITERAL_NULL_CONVERSION = YES;
				CLANG_WARN_OBJC_IMPLICIT_RETAIN_SELF = YES;
				CLANG_WARN_OBJC_LITERAL_CONVERSION = YES;
				CLANG_WARN_OBJC_ROOT_CLASS = YES_ERROR;
				CLANG_WARN_QUOTED_INCLUDE_IN_FRAMEWORK_HEADER = YES;
				CLANG_WARN_RANGE_LOOP_ANALYSIS = YES;
				CLANG_WARN_STRICT_PROTOTYPES = YES;
				CLANG_WARN_SUSPICIOUS_MOVE = YES;
				CLANG_WARN_UNGUARDED_AVAILABILITY = YES_AGGRESSIVE;
				CLANG_WARN_UNREACHABLE_CODE = YES;
				CLANG_WARN__DUPLICATE_METHOD_MATCH = YES;
				COPY_PHASE_STRIP = NO;
				DEBUG_INFORMATION_FORMAT = dwarf;
				ENABLE_STRICT_OBJC_MSGSEND = YES;
				ENABLE_TESTABILITY = YES;
				ENABLE_USER_SCRIPT_SANDBOXING = NO;
				GCC_C_LANGUAGE_STANDARD = gnu17;
				GCC_DYNAMIC_NO_PIC = NO;
				GCC_NO_COMMON_BLOCKS = YES;
				GCC_OPTIMIZATION_LEVEL = 0;
				GCC_PREPROCESSOR_DEFINITIONS = (
					"DEBUG=1",
					"$(inherited)",
				);
				GCC_WARN_64_TO_32_BIT_CONVERSION = YES;
				GCC_WARN_ABOUT_RETURN_TYPE = YES_ERROR;
				GCC_WARN_UNDECLARED_SELECTOR = YES;
				GCC_WARN_UNINITIALIZED_AUTOS = YES_AGGRESSIVE;
				GCC_WARN_UNUSED_FUNCTION = YES;
				GCC_WARN_UNUSED_VARIABLE = YES;
				IPHONEOS_DEPLOYMENT_TARGET = 26.2;
				LOCALIZATION_PREFERS_STRING_CATALOGS = YES;
				MTL_ENABLE_DEBUG_INFO = INCLUDE_SOURCE;
				MTL_FAST_MATH = YES;
				ONLY_ACTIVE_ARCH = YES;
				SDKROOT = iphoneos;
				SWIFT_ACTIVE_COMPILATION_CONDITIONS = "DEBUG $(inherited)";
				SWIFT_EMIT_LOC_STRINGS = YES;
				SWIFT_OPTIMIZATION_LEVEL = "-Onone";
			};
			name = Debug;
		};
		9B4D3056302B13D000DDAA76 /* Release */ = {
			isa = XCBuildConfiguration;
			buildSettings = {
				ALWAYS_SEARCH_USER_PATHS = NO;
				ASSETCATALOG_COMPILER_GENERATE_SWIFT_ASSET_SYMBOL_EXTENSIONS = YES;
				CLANG_ANALYZER_NONNULL = YES;
				CLANG_ANALYZER_NUMBER_OBJECT_CONVERSION = YES_AGGRESSIVE;
				CLANG_CXX_LANGUAGE_STANDARD = "gnu++20";
				CLANG_ENABLE_MODULES = YES;
				CLANG_ENABLE_OBJC_ARC = YES;
				CLANG_ENABLE_OBJC_WEAK = YES;
				CLANG_WARN_BLOCK_CAPTURE_AUTORELEASING = YES;
				CLANG_WARN_BOOL_CONVERSION = YES;
				CLANG_WARN_COMMA = YES;
				CLANG_WARN_CONSTANT_CONVERSION = YES;
				CLANG_WARN_DEPRECATED_OBJC_IMPLEMENTATIONS = YES;
				CLANG_WARN_DIRECT_OBJC_ISA_USAGE = YES_ERROR;
				CLANG_WARN_DOCUMENTATION_COMMENTS = YES;
				CLANG_WARN_EMPTY_BODY = YES;
				CLANG_WARN_ENUM_CONVERSION = YES;
				CLANG_WARN_INFINITE_RECURSION = YES;
				CLANG_WARN_INT_CONVERSION = YES;
				CLANG_WARN_NON_LITERAL_NULL_CONVERSION = YES;
				CLANG_WARN_OBJC_IMPLICIT_RETAIN_SELF = YES;
				CLANG_WARN_OBJC_LITERAL_CONVERSION = YES;
				CLANG_WARN_OBJC_ROOT_CLASS = YES_ERROR;
				CLANG_WARN_QUOTED_INCLUDE_IN_FRAMEWORK_HEADER = YES;
				CLANG_WARN_RANGE_LOOP_ANALYSIS = YES;
				CLANG_WARN_STRICT_PROTOTYPES = YES;
				CLANG_WARN_SUSPICIOUS_MOVE = YES;
				CLANG_WARN_UNGUARDED_AVAILABILITY = YES_AGGRESSIVE;
				CLANG_WARN_UNREACHABLE_CODE = YES;
				CLANG_WARN__DUPLICATE_METHOD_MATCH = YES;
				COPY_PHASE_STRIP = NO;
				DEBUG_INFORMATION_FORMAT = "dwarf-with-dsym";
				ENABLE_NS_ASSERTIONS = NO;
				ENABLE_STRICT_OBJC_MSGSEND = YES;
				ENABLE_USER_SCRIPT_SANDBOXING = NO;
				GCC_C_LANGUAGE_STANDARD = gnu17;
				GCC_NO_COMMON_BLOCKS = YES;
				GCC_WARN_64_TO_32_BIT_CONVERSION = YES;
				GCC_WARN_ABOUT_RETURN_TYPE = YES_ERROR;
				GCC_WARN_UNDECLARED_SELECTOR = YES;
				GCC_WARN_UNINITIALIZED_AUTOS = YES_AGGRESSIVE;
				GCC_WARN_UNUSED_FUNCTION = YES;
				GCC_WARN_UNUSED_VARIABLE = YES;
				IPHONEOS_DEPLOYMENT_TARGET = 26.2;
				LOCALIZATION_PREFERS_STRING_CATALOGS = YES;
				MTL_ENABLE_DEBUG_INFO = NO;
				MTL_FAST_MATH = YES;
				SDKROOT = iphoneos;
				SWIFT_COMPILATION_MODE = wholemodule;
				SWIFT_EMIT_LOC_STRINGS = YES;
				VALIDATE_PRODUCT = YES;
			};
			name = Release;
		};
		9B4D3058302B13D000DDAA76 /* Debug */ = {
			isa = XCBuildConfiguration;
			buildSettings = {
				ASSETCATALOG_COMPILER_APPICON_NAME = AppIcon;
				ASSETCATALOG_COMPILER_GLOBAL_ACCENT_COLOR_NAME = AccentColor;
				CODE_SIGN_ENTITLEMENTS = Cloudns/Cloudns.entitlements;
				CODE_SIGN_STYLE = Automatic;
				CURRENT_PROJECT_VERSION = 1;
				DEVELOPMENT_TEAM = 38FTS86UNN;
				ENABLE_PREVIEWS = YES;
				GENERATE_INFOPLIST_FILE = YES;
				INFOPLIST_FILE = "Cloudns/Info.plist";
				INFOPLIST_KEY_NSFaceIDUsageDescription = "We use Face ID to securely lock your Cloudflare settings.";
				INFOPLIST_KEY_NSAppTransportSecurity_NSAllowsArbitraryLoads = YES;
				INFOPLIST_KEY_UIApplicationSceneManifest_Generation = YES;
				INFOPLIST_KEY_UIApplicationSupportsIndirectInputEvents = YES;
				INFOPLIST_KEY_UILaunchScreen_Generation = YES;
				INFOPLIST_KEY_UISupportedInterfaceOrientations_iPad = "UIInterfaceOrientationPortrait UIInterfaceOrientationPortraitUpsideDown UIInterfaceOrientationLandscapeLeft UIInterfaceOrientationLandscapeRight";
				INFOPLIST_KEY_UISupportedInterfaceOrientations_iPhone = "UIInterfaceOrientationPortrait UIInterfaceOrientationLandscapeLeft UIInterfaceOrientationLandscapeRight";
				IPHONEOS_DEPLOYMENT_TARGET = 16.0;
				LD_RUNPATH_SEARCH_PATHS = (
					"$(inherited)",
					"@executable_path/Frameworks",
				);
				MARKETING_VERSION = 1.0;
				PRODUCT_BUNDLE_IDENTIFIER = com.lbyan.Cloudns;
				PRODUCT_NAME = "$(TARGET_NAME)";
				STRING_CATALOG_GENERATE_SYMBOLS = NO;
				SWIFT_APPROACHABLE_CONCURRENCY = YES;
				SWIFT_EMIT_LOC_STRINGS = YES;
				SWIFT_STRICT_CONCURRENCY = complete;
				SWIFT_UPCOMING_FEATURE_MEMBER_IMPORT_VISIBILITY = YES;
				SWIFT_VERSION = 5.0;
				TARGETED_DEVICE_FAMILY = "1,2";
			};
			name = Debug;
		};
		9B4D3059302B13D000DDAA76 /* Release */ = {
			isa = XCBuildConfiguration;
			buildSettings = {
				ASSETCATALOG_COMPILER_APPICON_NAME = AppIcon;
				ASSETCATALOG_COMPILER_GLOBAL_ACCENT_COLOR_NAME = AccentColor;
				CODE_SIGN_ENTITLEMENTS = Cloudns/Cloudns.entitlements;
				CODE_SIGN_STYLE = Automatic;
				CURRENT_PROJECT_VERSION = 1;
				DEVELOPMENT_TEAM = 38FTS86UNN;
				ENABLE_PREVIEWS = YES;
				GENERATE_INFOPLIST_FILE = YES;
				INFOPLIST_FILE = "Cloudns/Info.plist";
				INFOPLIST_KEY_NSFaceIDUsageDescription = "We use Face ID to securely lock your Cloudflare settings.";
				INFOPLIST_KEY_NSAppTransportSecurity_NSAllowsArbitraryLoads = YES;
				INFOPLIST_KEY_UIApplicationSceneManifest_Generation = YES;
				INFOPLIST_KEY_UIApplicationSupportsIndirectInputEvents = YES;
				INFOPLIST_KEY_UILaunchScreen_Generation = YES;
				INFOPLIST_KEY_UISupportedInterfaceOrientations_iPad = "UIInterfaceOrientationPortrait UIInterfaceOrientationPortraitUpsideDown UIInterfaceOrientationLandscapeLeft UIInterfaceOrientationLandscapeRight";
				INFOPLIST_KEY_UISupportedInterfaceOrientations_iPhone = "UIInterfaceOrientationPortrait UIInterfaceOrientationLandscapeLeft UIInterfaceOrientationLandscapeRight";
				IPHONEOS_DEPLOYMENT_TARGET = 16.0;
				LD_RUNPATH_SEARCH_PATHS = (
					"$(inherited)",
					"@executable_path/Frameworks",
				);
				MARKETING_VERSION = 1.0;
				PRODUCT_BUNDLE_IDENTIFIER = com.lbyan.Cloudns;
				PRODUCT_NAME = "$(TARGET_NAME)";
				STRING_CATALOG_GENERATE_SYMBOLS = NO;
				SWIFT_APPROACHABLE_CONCURRENCY = YES;
				SWIFT_EMIT_LOC_STRINGS = YES;
				SWIFT_STRICT_CONCURRENCY = complete;
				SWIFT_UPCOMING_FEATURE_MEMBER_IMPORT_VISIBILITY = YES;
				SWIFT_VERSION = 5.0;
				TARGETED_DEVICE_FAMILY = "1,2";
			};
			name = Release;
		};
		9B4D305B302B13D000DDAA76 /* Debug */ = {
			isa = XCBuildConfiguration;
			buildSettings = {
				BUNDLE_LOADER = "$(TEST_HOST)";
				CODE_SIGN_STYLE = Automatic;
				CURRENT_PROJECT_VERSION = 1;
				GENERATE_INFOPLIST_FILE = YES;
				INFOPLIST_KEY_NSFaceIDUsageDescription = "We use Face ID to securely lock your Cloudflare settings.";
				INFOPLIST_KEY_NSAppTransportSecurity_NSAllowsArbitraryLoads = YES;
				IPHONEOS_DEPLOYMENT_TARGET = 26.2;
				MARKETING_VERSION = 1.0;
				PRODUCT_BUNDLE_IDENTIFIER = com.lbyan.CloudnsTests;
				PRODUCT_NAME = "$(TARGET_NAME)";
				STRING_CATALOG_GENERATE_SYMBOLS = NO;
				SWIFT_APPROACHABLE_CONCURRENCY = YES;
				SWIFT_EMIT_LOC_STRINGS = NO;
				SWIFT_STRICT_CONCURRENCY = complete;
				SWIFT_UPCOMING_FEATURE_MEMBER_IMPORT_VISIBILITY = YES;
				SWIFT_VERSION = 5.0;
				TARGETED_DEVICE_FAMILY = "1,2";
				TEST_HOST = "$(BUILT_PRODUCTS_DIR)/Cloudns.app/$(BUNDLE_EXECUTABLE_FOLDER_PATH)/Cloudns";
			};
			name = Debug;
		};
		9B4D305C302B13D000DDAA76 /* Release */ = {
			isa = XCBuildConfiguration;
			buildSettings = {
				BUNDLE_LOADER = "$(TEST_HOST)";
				CODE_SIGN_STYLE = Automatic;
				CURRENT_PROJECT_VERSION = 1;
				GENERATE_INFOPLIST_FILE = YES;
				INFOPLIST_KEY_NSFaceIDUsageDescription = "We use Face ID to securely lock your Cloudflare settings.";
				INFOPLIST_KEY_NSAppTransportSecurity_NSAllowsArbitraryLoads = YES;
				IPHONEOS_DEPLOYMENT_TARGET = 26.2;
				MARKETING_VERSION = 1.0;
				PRODUCT_BUNDLE_IDENTIFIER = com.lbyan.CloudnsTests;
				PRODUCT_NAME = "$(TARGET_NAME)";
				STRING_CATALOG_GENERATE_SYMBOLS = NO;
				SWIFT_APPROACHABLE_CONCURRENCY = YES;
				SWIFT_EMIT_LOC_STRINGS = NO;
				SWIFT_STRICT_CONCURRENCY = complete;
				SWIFT_UPCOMING_FEATURE_MEMBER_IMPORT_VISIBILITY = YES;
				SWIFT_VERSION = 5.0;
				TARGETED_DEVICE_FAMILY = "1,2";
				TEST_HOST = "$(BUILT_PRODUCTS_DIR)/Cloudns.app/$(BUNDLE_EXECUTABLE_FOLDER_PATH)/Cloudns";
			};
			name = Release;
		};
		9B4D305E302B13D000DDAA76 /* Debug */ = {
			isa = XCBuildConfiguration;
			buildSettings = {
				CODE_SIGN_STYLE = Automatic;
				CURRENT_PROJECT_VERSION = 1;
				GENERATE_INFOPLIST_FILE = YES;
				INFOPLIST_KEY_NSFaceIDUsageDescription = "We use Face ID to securely lock your Cloudflare settings.";
				INFOPLIST_KEY_NSAppTransportSecurity_NSAllowsArbitraryLoads = YES;
				MARKETING_VERSION = 1.0;
				PRODUCT_BUNDLE_IDENTIFIER = com.lbyan.CloudnsUITests;
				PRODUCT_NAME = "$(TARGET_NAME)";
				STRING_CATALOG_GENERATE_SYMBOLS = NO;
				SWIFT_APPROACHABLE_CONCURRENCY = YES;
				SWIFT_EMIT_LOC_STRINGS = NO;
				SWIFT_STRICT_CONCURRENCY = complete;
				SWIFT_UPCOMING_FEATURE_MEMBER_IMPORT_VISIBILITY = YES;
				SWIFT_VERSION = 5.0;
				TARGETED_DEVICE_FAMILY = "1,2";
				TEST_TARGET_NAME = Cloudns;
			};
			name = Debug;
		};
		9B4D305F302B13D000DDAA76 /* Release */ = {
			isa = XCBuildConfiguration;
			buildSettings = {
				CODE_SIGN_STYLE = Automatic;
				CURRENT_PROJECT_VERSION = 1;
				GENERATE_INFOPLIST_FILE = YES;
				INFOPLIST_KEY_NSFaceIDUsageDescription = "We use Face ID to securely lock your Cloudflare settings.";
				INFOPLIST_KEY_NSAppTransportSecurity_NSAllowsArbitraryLoads = YES;
				MARKETING_VERSION = 1.0;
				PRODUCT_BUNDLE_IDENTIFIER = com.lbyan.CloudnsUITests;
				PRODUCT_NAME = "$(TARGET_NAME)";
				STRING_CATALOG_GENERATE_SYMBOLS = NO;
				SWIFT_APPROACHABLE_CONCURRENCY = YES;
				SWIFT_EMIT_LOC_STRINGS = NO;
				SWIFT_STRICT_CONCURRENCY = complete;
				SWIFT_UPCOMING_FEATURE_MEMBER_IMPORT_VISIBILITY = YES;
				SWIFT_VERSION = 5.0;
				TARGETED_DEVICE_FAMILY = "1,2";
				TEST_TARGET_NAME = Cloudns;
			};
			name = Release;
		};
/* End XCBuildConfiguration section */

/* Begin XCConfigurationList section */
		9BAA00010000000000000005 /* Build configuration list for PBXNativeTarget "CloudnsWidgets" */ = {
			isa = XCConfigurationList;
			buildConfigurations = (
				9BAA00010000000000000006 /* Debug */,
				9BAA00010000000000000007 /* Release */,
			);
			defaultConfigurationIsVisible = 0;
			defaultConfigurationName = Release;
		};
		9B4D302C302B13CD00DDAA76 /* Build configuration list for PBXProject "Cloudns" */ = {
			isa = XCConfigurationList;
			buildConfigurations = (
				9B4D3055302B13D000DDAA76 /* Debug */,
				9B4D3056302B13D000DDAA76 /* Release */,
			);
			defaultConfigurationIsVisible = 0;
			defaultConfigurationName = Release;
		};
		9B4D3057302B13D000DDAA76 /* Build configuration list for PBXNativeTarget "Cloudns" */ = {
			isa = XCConfigurationList;
			buildConfigurations = (
				9B4D3058302B13D000DDAA76 /* Debug */,
				9B4D3059302B13D000DDAA76 /* Release */,
			);
			defaultConfigurationIsVisible = 0;
			defaultConfigurationName = Release;
		};
		9B4D305A302B13D000DDAA76 /* Build configuration list for PBXNativeTarget "CloudnsTests" */ = {
			isa = XCConfigurationList;
			buildConfigurations = (
				9B4D305B302B13D000DDAA76 /* Debug */,
				9B4D305C302B13D000DDAA76 /* Release */,
			);
			defaultConfigurationIsVisible = 0;
			defaultConfigurationName = Release;
		};
		9B4D305D302B13D000DDAA76 /* Build configuration list for PBXNativeTarget "CloudnsUITests" */ = {
			isa = XCConfigurationList;
			buildConfigurations = (
				9B4D305E302B13D000DDAA76 /* Debug */,
				9B4D305F302B13D000DDAA76 /* Release */,
			);
			defaultConfigurationIsVisible = 0;
			defaultConfigurationName = Release;
		};
/* End XCConfigurationList section */
	};
	rootObject = 9B4D3029302B13CD00DDAA76 /* Project object */;
}
